// !$*UTF8*$!
{
	archiveVersion = 1;
	classes = {
	};
	objectVersion = 50;
	objects = {

/* Begin PBXBuildFile section */
		86A79A3DCA3EEDB53FD66DCC /* Pods_TestOpenCV.framework in Frameworks */ = {isa = PBXBuildFile; fileRef = 659EE2BFD331BC3CBADA20F0 /* Pods_TestOpenCV.framework */; };
		9A1D674D22787D9500A0585D /* gflseg.cpp in Sources */ = {isa = PBXBuildFile; fileRef = 9A1D674C22787D9400A0585D /* gflseg.cpp */; };
		9A2C29682265FBE300B540A4 /* VideoViewVC.swift in Sources */ = {isa = PBXBuildFile; fileRef = 9A2C29672265FBE300B540A4 /* VideoViewVC.swift */; };
		9A78ABA1226DED7400E6C32C /* video_parser.cpp in Sources */ = {isa = PBXBuildFile; fileRef = 9A78AB9F226DED7400E6C32C /* video_parser.cpp */; };
		9A893E132265EDC80064164E /* OpenCVWrapper.mm in Sources */ = {isa = PBXBuildFile; fileRef = 9A893E112265EDC80064164E /* OpenCVWrapper.mm */; };
		9A893E152265EE3D0064164E /* fruits.jpg in Resources */ = {isa = PBXBuildFile; fileRef = 9A893E142265EE3D0064164E /* fruits.jpg */; };
		9AEEC6A02268BCAA004FF9ED /* testVideo.mp4 in Resources */ = {isa = PBXBuildFile; fileRef = 9AEEC69F2268BCAA004FF9ED /* testVideo.mp4 */; };
		B4E6DA152255F7D4005844D4 /* AppDelegate.swift in Sources */ = {isa = PBXBuildFile; fileRef = B4E6DA142255F7D4005844D4 /* AppDelegate.swift */; };
		B4E6DA1A2255F7D4005844D4 /* Main.storyboard in Resources */ = {isa = PBXBuildFile; fileRef = B4E6DA182255F7D4005844D4 /* Main.storyboard */; };
		B4E6DA1C2255F7D6005844D4 /* Assets.xcassets in Resources */ = {isa = PBXBuildFile; fileRef = B4E6DA1B2255F7D6005844D4 /* Assets.xcassets */; };
		B4E6DA1F2255F7D6005844D4 /* LaunchScreen.storyboard in Resources */ = {isa = PBXBuildFile; fileRef = B4E6DA1D2255F7D6005844D4 /* LaunchScreen.storyboard */; };
		B4E6DA272255F972005844D4 /* ImageViewVC.swift in Sources */ = {isa = PBXBuildFile; fileRef = B4E6DA262255F972005844D4 /* ImageViewVC.swift */; };
		B4E6DA292255FE6A005844D4 /* MainVC.swift in Sources */ = {isa = PBXBuildFile; fileRef = B4E6DA282255FE69005844D4 /* MainVC.swift */; };
/* End PBXBuildFile section */

/* Begin PBXFileReference section */
		19AB67C719D470775DA7C756 /* Pods-TestOpenCV.debug.xcconfig */ = {isa = PBXFileReference; includeInIndex = 1; lastKnownFileType = text.xcconfig; name = "Pods-TestOpenCV.debug.xcconfig"; path = "Pods/Target Support Files/Pods-TestOpenCV/Pods-TestOpenCV.debug.xcconfig"; sourceTree = "<group>"; };
		659EE2BFD331BC3CBADA20F0 /* Pods_TestOpenCV.framework */ = {isa = PBXFileReference; explicitFileType = wrapper.framework; includeInIndex = 0; path = Pods_TestOpenCV.framework; sourceTree = BUILT_PRODUCTS_DIR; };
		87A31E6B3BFDE57F217E99EF /* Pods-TestOpenCV.release.xcconfig */ = {isa = PBXFileReference; includeInIndex = 1; lastKnownFileType = text.xcconfig; name = "Pods-TestOpenCV.release.xcconfig"; path = "Pods/Target Support Files/Pods-TestOpenCV/Pods-TestOpenCV.release.xcconfig"; sourceTree = "<group>"; };
		9A1D674622781A0700A0585D /* image_metrics.h */ = {isa = PBXFileReference; lastKnownFileType = sourcecode.c.h; path = image_metrics.h; sourceTree = "<group>"; };
		9A1D674822783C4B00A0585D /* hist_opencv.h */ = {isa = PBXFileReference; lastKnownFileType = sourcecode.c.h; path = hist_opencv.h; sourceTree = "<group>"; };
		9A1D674A2278622400A0585D /* my_sort.h */ = {isa = PBXFileReference; lastKnownFileType = sourcecode.c.h; path = my_sort.h; sourceTree = "<group>"; };
		9A1D674B2278746200A0585D /* gflseg.h */ = {isa = PBXFileReference; lastKnownFileType = sourcecode.c.h; path = gflseg.h; sourceTree = "<group>"; };
		9A1D674C22787D9400A0585D /* gflseg.cpp */ = {isa = PBXFileReference; lastKnownFileType = sourcecode.cpp.cpp; path = gflseg.cpp; sourceTree = "<group>"; };
		9A1D674E227881A800A0585D /* shot_range.h */ = {isa = PBXFileReference; lastKnownFileType = sourcecode.c.h; path = shot_range.h; sourceTree = "<group>"; };
		9A1D674F22788FF600A0585D /* gapstat.h */ = {isa = PBXFileReference; lastKnownFileType = sourcecode.c.h; path = gapstat.h; sourceTree = "<group>"; };
		9A2C29672265FBE300B540A4 /* VideoViewVC.swift */ = {isa = PBXFileReference; lastKnownFileType = sourcecode.swift; path = VideoViewVC.swift; sourceTree = "<group>"; };
		9A78AB9F226DED7400E6C32C /* video_parser.cpp */ = {isa = PBXFileReference; lastKnownFileType = sourcecode.cpp.cpp; path = video_parser.cpp; sourceTree = "<group>"; };
		9A78ABA0226DED7400E6C32C /* video_parser.h */ = {isa = PBXFileReference; lastKnownFileType = sourcecode.c.h; path = video_parser.h; sourceTree = "<group>"; };
		9A893E102265EDC70064164E /* TestOpenCV-Bridging-Header.h */ = {isa = PBXFileReference; lastKnownFileType = sourcecode.c.h; path = "TestOpenCV-Bridging-Header.h"; sourceTree = "<group>"; };
		9A893E112265EDC80064164E /* OpenCVWrapper.mm */ = {isa = PBXFileReference; fileEncoding = 4; lastKnownFileType = sourcecode.cpp.objcpp; path = OpenCVWrapper.mm; sourceTree = "<group>"; };
		9A893E122265EDC80064164E /* OpenCVWrapper.h */ = {isa = PBXFileReference; fileEncoding = 4; lastKnownFileType = sourcecode.c.h; path = OpenCVWrapper.h; sourceTree = "<group>"; };
		9A893E142265EE3D0064164E /* fruits.jpg */ = {isa = PBXFileReference; lastKnownFileType = image.jpeg; path = fruits.jpg; sourceTree = "<group>"; };
		9AEEC69F2268BCAA004FF9ED /* testVideo.mp4 */ = {isa = PBXFileReference; lastKnownFileType = file; path = testVideo.mp4; sourceTree = "<group>"; };
		B4E6DA112255F7D4005844D4 /* TestOpenCV.app */ = {isa = PBXFileReference; explicitFileType = wrapper.application; includeInIndex = 0; path = TestOpenCV.app; sourceTree = BUILT_PRODUCTS_DIR; };
		B4E6DA142255F7D4005844D4 /* AppDelegate.swift */ = {isa = PBXFileReference; lastKnownFileType = sourcecode.swift; path = AppDelegate.swift; sourceTree = "<group>"; };
		B4E6DA192255F7D4005844D4 /* Base */ = {isa = PBXFileReference; lastKnownFileType = file.storyboard; name = Base; path = Base.lproj/Main.storyboard; sourceTree = "<group>"; };
		B4E6DA1B2255F7D6005844D4 /* Assets.xcassets */ = {isa = PBXFileReference; lastKnownFileType = folder.assetcatalog; path = Assets.xcassets; sourceTree = "<group>"; };
		B4E6DA1E2255F7D6005844D4 /* Base */ = {isa = PBXFileReference; lastKnownFileType = file.storyboard; name = Base; path = Base.lproj/LaunchScreen.storyboard; sourceTree = "<group>"; };
		B4E6DA202255F7D6005844D4 /* Info.plist */ = {isa = PBXFileReference; lastKnownFileType = text.plist.xml; path = Info.plist; sourceTree = "<group>"; };
		B4E6DA262255F972005844D4 /* ImageViewVC.swift */ = {isa = PBXFileReference; lastKnownFileType = sourcecode.swift; path = ImageViewVC.swift; sourceTree = "<group>"; };
		B4E6DA282255FE69005844D4 /* MainVC.swift */ = {isa = PBXFileReference; fileEncoding = 4; lastKnownFileType = sourcecode.swift; path = MainVC.swift; sourceTree = "<group>"; };
/* End PBXFileReference section */

/* Begin PBXFrameworksBuildPhase section */
		B4E6DA0E2255F7D4005844D4 /* Frameworks */ = {
			isa = PBXFrameworksBuildPhase;
			buildActionMask = 2147483647;
			files = (
				86A79A3DCA3EEDB53FD66DCC /* Pods_TestOpenCV.framework in Frameworks */,
			);
			runOnlyForDeploymentPostprocessing = 0;
		};
/* End PBXFrameworksBuildPhase section */

/* Begin PBXGroup section */
		0049B614C3C9780FDA16B39B /* Frameworks */ = {
			isa = PBXGroup;
			children = (
				659EE2BFD331BC3CBADA20F0 /* Pods_TestOpenCV.framework */,
			);
			name = Frameworks;
			sourceTree = "<group>";
		};
		5176538087A82E21CF0130C0 /* Pods */ = {
			isa = PBXGroup;
			children = (
				19AB67C719D470775DA7C756 /* Pods-TestOpenCV.debug.xcconfig */,
				87A31E6B3BFDE57F217E99EF /* Pods-TestOpenCV.release.xcconfig */,
			);
			name = Pods;
			sourceTree = "<group>";
		};
		9A78AB9E226DEA5000E6C32C /* thumbnail_generator */ = {
			isa = PBXGroup;
			children = (
				9A78AB9F226DED7400E6C32C /* video_parser.cpp */,
				9A78ABA0226DED7400E6C32C /* video_parser.h */,
				9A1D674622781A0700A0585D /* image_metrics.h */,
				9A1D674822783C4B00A0585D /* hist_opencv.h */,
				9A1D674A2278622400A0585D /* my_sort.h */,
				9A1D674B2278746200A0585D /* gflseg.h */,
				9A1D674C22787D9400A0585D /* gflseg.cpp */,
				9A1D674E227881A800A0585D /* shot_range.h */,
				9A1D674F22788FF600A0585D /* gapstat.h */,
			);
			path = thumbnail_generator;
			sourceTree = "<group>";
		};
		9ADDEA91226B60CD00A55D3B /* hecate */ = {
			isa = PBXGroup;
			children = (
			);
			path = hecate;
			sourceTree = "<group>";
		};
		9AEEC69E2268BCAA004FF9ED /* Documents */ = {
			isa = PBXGroup;
			children = (
				9AEEC69F2268BCAA004FF9ED /* testVideo.mp4 */,
			);
			path = Documents;
			sourceTree = "<group>";
		};
		B4E6DA082255F7D4005844D4 = {
			isa = PBXGroup;
			children = (
				B4E6DA132255F7D4005844D4 /* TestOpenCV */,
				B4E6DA122255F7D4005844D4 /* Products */,
				5176538087A82E21CF0130C0 /* Pods */,
				0049B614C3C9780FDA16B39B /* Frameworks */,
			);
			sourceTree = "<group>";
		};
		B4E6DA122255F7D4005844D4 /* Products */ = {
			isa = PBXGroup;
			children = (
				B4E6DA112255F7D4005844D4 /* TestOpenCV.app */,
			);
			name = Products;
			sourceTree = "<group>";
		};
		B4E6DA132255F7D4005844D4 /* TestOpenCV */ = {
			isa = PBXGroup;
			children = (
				9AEEC69E2268BCAA004FF9ED /* Documents */,
				B4E6DA2C22560107005844D4 /* Images */,
				B4E6DA2B2255FEA2005844D4 /* Storyboards */,
				B4E6DA2A2255FE88005844D4 /* ViewControllers */,
				B4E6DA142255F7D4005844D4 /* AppDelegate.swift */,
				B4E6DA1B2255F7D6005844D4 /* Assets.xcassets */,
				B4E6DA202255F7D6005844D4 /* Info.plist */,
			);
			path = TestOpenCV;
			sourceTree = "<group>";
		};
		B4E6DA2A2255FE88005844D4 /* ViewControllers */ = {
			isa = PBXGroup;
			children = (
				9A78AB9E226DEA5000E6C32C /* thumbnail_generator */,
				9ADDEA91226B60CD00A55D3B /* hecate */,
				9A893E122265EDC80064164E /* OpenCVWrapper.h */,
				9A893E112265EDC80064164E /* OpenCVWrapper.mm */,
				B4E6DA282255FE69005844D4 /* MainVC.swift */,
				B4E6DA262255F972005844D4 /* ImageViewVC.swift */,
				9A893E102265EDC70064164E /* TestOpenCV-Bridging-Header.h */,
				9A2C29672265FBE300B540A4 /* VideoViewVC.swift */,
			);
			path = ViewControllers;
			sourceTree = "<group>";
		};
		B4E6DA2B2255FEA2005844D4 /* Storyboards */ = {
			isa = PBXGroup;
			children = (
				B4E6DA182255F7D4005844D4 /* Main.storyboard */,
				B4E6DA1D2255F7D6005844D4 /* LaunchScreen.storyboard */,
			);
			path = Storyboards;
			sourceTree = "<group>";
		};
		B4E6DA2C22560107005844D4 /* Images */ = {
			isa = PBXGroup;
			children = (
				9A893E142265EE3D0064164E /* fruits.jpg */,
			);
			path = Images;
			sourceTree = "<group>";
		};
/* End PBXGroup section */

/* Begin PBXNativeTarget section */
		B4E6DA102255F7D4005844D4 /* TestOpenCV */ = {
			isa = PBXNativeTarget;
			buildConfigurationList = B4E6DA232255F7D6005844D4 /* Build configuration list for PBXNativeTarget "TestOpenCV" */;
			buildPhases = (
				4A6B848EAE0E32035D11339A /* [CP] Check Pods Manifest.lock */,
				B4E6DA0D2255F7D4005844D4 /* Sources */,
				B4E6DA0E2255F7D4005844D4 /* Frameworks */,
				B4E6DA0F2255F7D4005844D4 /* Resources */,
			);
			buildRules = (
			);
			dependencies = (
			);
			name = TestOpenCV;
			productName = TestOpenCV;
			productReference = B4E6DA112255F7D4005844D4 /* TestOpenCV.app */;
			productType = "com.apple.product-type.application";
		};
/* End PBXNativeTarget section */

/* Begin PBXProject section */
		B4E6DA092255F7D4005844D4 /* Project object */ = {
			isa = PBXProject;
			attributes = {
				LastSwiftUpdateCheck = 1010;
				LastUpgradeCheck = 1010;
				ORGANIZATIONNAME = TestOpenCV;
				TargetAttributes = {
					B4E6DA102255F7D4005844D4 = {
						CreatedOnToolsVersion = 10.1;
						LastSwiftMigration = 1010;
					};
				};
			};
			buildConfigurationList = B4E6DA0C2255F7D4005844D4 /* Build configuration list for PBXProject "TestOpenCV" */;
			compatibilityVersion = "Xcode 9.3";
			developmentRegion = en;
			hasScannedForEncodings = 0;
			knownRegions = (
				en,
				Base,
			);
			mainGroup = B4E6DA082255F7D4005844D4;
			productRefGroup = B4E6DA122255F7D4005844D4 /* Products */;
			projectDirPath = "";
			projectRoot = "";
			targets = (
				B4E6DA102255F7D4005844D4 /* TestOpenCV */,
			);
		};
/* End PBXProject section */

/* Begin PBXResourcesBuildPhase section */
		B4E6DA0F2255F7D4005844D4 /* Resources */ = {
			isa = PBXResourcesBuildPhase;
			buildActionMask = 2147483647;
			files = (
				B4E6DA1F2255F7D6005844D4 /* LaunchScreen.storyboard in Resources */,
				B4E6DA1C2255F7D6005844D4 /* Assets.xcassets in Resources */,
				B4E6DA1A2255F7D4005844D4 /* Main.storyboard in Resources */,
				9AEEC6A02268BCAA004FF9ED /* testVideo.mp4 in Resources */,
				9A893E152265EE3D0064164E /* fruits.jpg in Resources */,
			);
			runOnlyForDeploymentPostprocessing = 0;
		};
/* End PBXResourcesBuildPhase section */

/* Begin PBXShellScriptBuildPhase section */
		4A6B848EAE0E32035D11339A /* [CP] Check Pods Manifest.lock */ = {
			isa = PBXShellScriptBuildPhase;
			buildActionMask = 2147483647;
			files = (
			);
			inputPaths = (
				"${PODS_PODFILE_DIR_PATH}/Podfile.lock",
				"${PODS_ROOT}/Manifest.lock",
			);
			name = "[CP] Check Pods Manifest.lock";
			outputPaths = (
				"$(DERIVED_FILE_DIR)/Pods-TestOpenCV-checkManifestLockResult.txt",
			);
			runOnlyForDeploymentPostprocessing = 0;
			shellPath = /bin/sh;
			shellScript = "diff \"${PODS_PODFILE_DIR_PATH}/Podfile.lock\" \"${PODS_ROOT}/Manifest.lock\" > /dev/null\nif [ $? != 0 ] ; then\n    # print error to STDERR\n    echo \"error: The sandbox is not in sync with the Podfile.lock. Run 'pod install' or update your CocoaPods installation.\" >&2\n    exit 1\nfi\n# This output is used by Xcode 'outputs' to avoid re-running this script phase.\necho \"SUCCESS\" > \"${SCRIPT_OUTPUT_FILE_0}\"\n";
			showEnvVarsInLog = 0;
		};
/* End PBXShellScriptBuildPhase section */

/* Begin PBXSourcesBuildPhase section */
		B4E6DA0D2255F7D4005844D4 /* Sources */ = {
			isa = PBXSourcesBuildPhase;
			buildActionMask = 2147483647;
			files = (
				9A78ABA1226DED7400E6C32C /* video_parser.cpp in Sources */,
				9A1D674D22787D9500A0585D /* gflseg.cpp in Sources */,
				9A893E132265EDC80064164E /* OpenCVWrapper.mm in Sources */,
				B4E6DA272255F972005844D4 /* ImageViewVC.swift in Sources */,
				B4E6DA292255FE6A005844D4 /* MainVC.swift in Sources */,
				9A2C29682265FBE300B540A4 /* VideoViewVC.swift in Sources */,
				B4E6DA152255F7D4005844D4 /* AppDelegate.swift in Sources */,
			);
			runOnlyForDeploymentPostprocessing = 0;
		};
/* End PBXSourcesBuildPhase section */

/* Begin PBXVariantGroup section */
		B4E6DA182255F7D4005844D4 /* Main.storyboard */ = {
			isa = PBXVariantGroup;
			children = (
				B4E6DA192255F7D4005844D4 /* Base */,
			);
			name = Main.storyboard;
			sourceTree = "<group>";
		};
		B4E6DA1D2255F7D6005844D4 /* LaunchScreen.storyboard */ = {
			isa = PBXVariantGroup;
			children = (
				B4E6DA1E2255F7D6005844D4 /* Base */,
			);
			name = LaunchScreen.storyboard;
			sourceTree = "<group>";
		};
/* End PBXVariantGroup section */

/* Begin XCBuildConfiguration section */
		B4E6DA212255F7D6005844D4 /* Debug */ = {
			isa = XCBuildConfiguration;
			buildSettings = {
				ALWAYS_SEARCH_USER_PATHS = NO;
				CLANG_ANALYZER_NONNULL = YES;
				CLANG_ANALYZER_NUMBER_OBJECT_CONVERSION = YES_AGGRESSIVE;
				CLANG_CXX_LANGUAGE_STANDARD = "gnu++14";
				CLANG_CXX_LIBRARY = "libc++";
				CLANG_ENABLE_MODULES = YES;
				CLANG_ENABLE_OBJC_ARC = YES;
				CLANG_ENABLE_OBJC_WEAK = YES;
				CLANG_WARN_BLOCK_CAPTURE_AUTORELEASING = YES;
				CLANG_WARN_BOOL_CONVERSION = YES;
				CLANG_WARN_COMMA = YES;
				CLANG_WARN_CONSTANT_CONVERSION = YES;
				CLANG_WARN_DEPRECATED_OBJC_IMPLEMENTATIONS = YES;
				CLANG_WARN_DIRECT_OBJC_ISA_USAGE = YES_ERROR;
				CLANG_WARN_DOCUMENTATION_COMMENTS = YES;
				CLANG_WARN_EMPTY_BODY = YES;
				CLANG_WARN_ENUM_CONVERSION = YES;
				CLANG_WARN_INFINITE_RECURSION = YES;
				CLANG_WARN_INT_CONVERSION = YES;
				CLANG_WARN_NON_LITERAL_NULL_CONVERSION = YES;
				CLANG_WARN_OBJC_IMPLICIT_RETAIN_SELF = YES;
				CLANG_WARN_OBJC_LITERAL_CONVERSION = YES;
				CLANG_WARN_OBJC_ROOT_CLASS = YES_ERROR;
				CLANG_WARN_RANGE_LOOP_ANALYSIS = YES;
				CLANG_WARN_STRICT_PROTOTYPES = YES;
				CLANG_WARN_SUSPICIOUS_MOVE = YES;
				CLANG_WARN_UNGUARDED_AVAILABILITY = YES_AGGRESSIVE;
				CLANG_WARN_UNREACHABLE_CODE = YES;
				CLANG_WARN__DUPLICATE_METHOD_MATCH = YES;
				CODE_SIGN_IDENTITY = "iPhone Developer";
				COPY_PHASE_STRIP = NO;
				DEBUG_INFORMATION_FORMAT = dwarf;
				ENABLE_STRICT_OBJC_MSGSEND = YES;
				ENABLE_TESTABILITY = YES;
				GCC_C_LANGUAGE_STANDARD = gnu11;
				GCC_DYNAMIC_NO_PIC = NO;
				GCC_NO_COMMON_BLOCKS = YES;
				GCC_OPTIMIZATION_LEVEL = 0;
				GCC_PREPROCESSOR_DEFINITIONS = (
					"DEBUG=1",
					"$(inherited)",
				);
				GCC_WARN_64_TO_32_BIT_CONVERSION = YES;
				GCC_WARN_ABOUT_RETURN_TYPE = YES_ERROR;
				GCC_WARN_UNDECLARED_SELECTOR = YES;
				GCC_WARN_UNINITIALIZED_AUTOS = YES_AGGRESSIVE;
				GCC_WARN_UNUSED_FUNCTION = YES;
				GCC_WARN_UNUSED_VARIABLE = YES;
				IPHONEOS_DEPLOYMENT_TARGET = 12.1;
				MTL_ENABLE_DEBUG_INFO = INCLUDE_SOURCE;
				MTL_FAST_MATH = YES;
				ONLY_ACTIVE_ARCH = YES;
				SDKROOT = iphoneos;
				SWIFT_ACTIVE_COMPILATION_CONDITIONS = DEBUG;
				SWIFT_OPTIMIZATION_LEVEL = "-Onone";
			};
			name = Debug;
		};
		B4E6DA222255F7D6005844D4 /* Release */ = {
			isa = XCBuildConfiguration;
			buildSettings = {
				ALWAYS_SEARCH_USER_PATHS = NO;
				CLANG_ANALYZER_NONNULL = YES;
				CLANG_ANALYZER_NUMBER_OBJECT_CONVERSION = YES_AGGRESSIVE;
				CLANG_CXX_LANGUAGE_STANDARD = "gnu++14";
				CLANG_CXX_LIBRARY = "libc++";
				CLANG_ENABLE_MODULES = YES;
				CLANG_ENABLE_OBJC_ARC = YES;
				CLANG_ENABLE_OBJC_WEAK = YES;
				CLANG_WARN_BLOCK_CAPTURE_AUTORELEASING = YES;
				CLANG_WARN_BOOL_CONVERSION = YES;
				CLANG_WARN_COMMA = YES;
				CLANG_WARN_CONSTANT_CONVERSION = YES;
				CLANG_WARN_DEPRECATED_OBJC_IMPLEMENTATIONS = YES;
				CLANG_WARN_DIRECT_OBJC_ISA_USAGE = YES_ERROR;
				CLANG_WARN_DOCUMENTATION_COMMENTS = YES;
				CLANG_WARN_EMPTY_BODY = YES;
				CLANG_WARN_ENUM_CONVERSION = YES;
				CLANG_WARN_INFINITE_RECURSION = YES;
				CLANG_WARN_INT_CONVERSION = YES;
				CLANG_WARN_NON_LITERAL_NULL_CONVERSION = YES;
				CLANG_WARN_OBJC_IMPLICIT_RETAIN_SELF = YES;
				CLANG_WARN_OBJC_LITERAL_CONVERSION = YES;
				CLANG_WARN_OBJC_ROOT_CLASS = YES_ERROR;
				CLANG_WARN_RANGE_LOOP_ANALYSIS = YES;
				CLANG_WARN_STRICT_PROTOTYPES = YES;
				CLANG_WARN_SUSPICIOUS_MOVE = YES;
				CLANG_WARN_UNGUARDED_AVAILABILITY = YES_AGGRESSIVE;
				CLANG_WARN_UNREACHABLE_CODE = YES;
				CLANG_WARN__DUPLICATE_METHOD_MATCH = YES;
				CODE_SIGN_IDENTITY = "iPhone Developer";
				COPY_PHASE_STRIP = NO;
				DEBUG_INFORMATION_FORMAT = "dwarf-with-dsym";
				ENABLE_NS_ASSERTIONS = NO;
				ENABLE_STRICT_OBJC_MSGSEND = YES;
				GCC_C_LANGUAGE_STANDARD = gnu11;
				GCC_NO_COMMON_BLOCKS = YES;
				GCC_WARN_64_TO_32_BIT_CONVERSION = YES;
				GCC_WARN_ABOUT_RETURN_TYPE = YES_ERROR;
				GCC_WARN_UNDECLARED_SELECTOR = YES;
				GCC_WARN_UNINITIALIZED_AUTOS = YES_AGGRESSIVE;
				GCC_WARN_UNUSED_FUNCTION = YES;
				GCC_WARN_UNUSED_VARIABLE = YES;
				IPHONEOS_DEPLOYMENT_TARGET = 12.1;
				MTL_ENABLE_DEBUG_INFO = NO;
				MTL_FAST_MATH = YES;
				SDKROOT = iphoneos;
				SWIFT_COMPILATION_MODE = wholemodule;
				SWIFT_OPTIMIZATION_LEVEL = "-O";
				VALIDATE_PRODUCT = YES;
			};
			name = Release;
		};
		B4E6DA242255F7D6005844D4 /* Debug */ = {
			isa = XCBuildConfiguration;
			baseConfigurationReference = 19AB67C719D470775DA7C756 /* Pods-TestOpenCV.debug.xcconfig */;
			buildSettings = {
				ASSETCATALOG_COMPILER_APPICON_NAME = AppIcon;
				CLANG_ENABLE_MODULES = YES;
				CODE_SIGN_IDENTITY = "iPhone Developer";
				CODE_SIGN_STYLE = Automatic;
				DEVELOPMENT_TEAM = 4JGMBYYZN2;
				ENABLE_BITCODE = NO;
				INFOPLIST_FILE = TestOpenCV/Info.plist;
				LD_RUNPATH_SEARCH_PATHS = (
					"$(inherited)",
					"@executable_path/Frameworks",
				);
				PRODUCT_BUNDLE_IDENTIFIER = com.TestOpenCV.TestOpenCV;
				PRODUCT_NAME = "$(TARGET_NAME)";
				PROVISIONING_PROFILE_SPECIFIER = "";
				SWIFT_OBJC_BRIDGING_HEADER = "TestOpenCV/ViewControllers/TestOpenCV-Bridging-Header.h";
				SWIFT_OPTIMIZATION_LEVEL = "-Onone";
				SWIFT_REFLECTION_METADATA_LEVEL = none;
				SWIFT_VERSION = 4.2;
				TARGETED_DEVICE_FAMILY = "1,2";
			};
			name = Debug;
		};
		B4E6DA252255F7D6005844D4 /* Release */ = {
			isa = XCBuildConfiguration;
			baseConfigurationReference = 87A31E6B3BFDE57F217E99EF /* Pods-TestOpenCV.release.xcconfig */;
			buildSettings = {
				ASSETCATALOG_COMPILER_APPICON_NAME = AppIcon;
				CLANG_ENABLE_MODULES = YES;
				CODE_SIGN_IDENTITY = "iPhone Developer";
				CODE_SIGN_STYLE = Automatic;
				DEVELOPMENT_TEAM = 4JGMBYYZN2;
				ENABLE_BITCODE = NO;
				INFOPLIST_FILE = TestOpenCV/Info.plist;
				LD_RUNPATH_SEARCH_PATHS = (
					"$(inherited)",
					"@executable_path/Frameworks",
				);
				PRODUCT_BUNDLE_IDENTIFIER = com.TestOpenCV.TestOpenCV;
				PRODUCT_NAME = "$(TARGET_NAME)";
				PROVISIONING_PROFILE_SPECIFIER = "";
				SWIFT_OBJC_BRIDGING_HEADER = "TestOpenCV/ViewControllers/TestOpenCV-Bridging-Header.h";
				SWIFT_REFLECTION_METADATA_LEVEL = none;
				SWIFT_VERSION = 4.2;
				TARGETED_DEVICE_FAMILY = "1,2";
			};
			name = Release;
		};
/* End XCBuildConfiguration section */

/* Begin XCConfigurationList section */
		B4E6DA0C2255F7D4005844D4 /* Build configuration list for PBXProject "TestOpenCV" */ = {
			isa = XCConfigurationList;
			buildConfigurations = (
				B4E6DA212255F7D6005844D4 /* Debug */,
				B4E6DA222255F7D6005844D4 /* Release */,
			);
			defaultConfigurationIsVisible = 0;
			defaultConfigurationName = Release;
		};
		B4E6DA232255F7D6005844D4 /* Build configuration list for PBXNativeTarget "TestOpenCV" */ = {
			isa = XCConfigurationList;
			buildConfigurations = (
				B4E6DA242255F7D6005844D4 /* Debug */,
				B4E6DA252255F7D6005844D4 /* Release */,
			);
			defaultConfigurationIsVisible = 0;
			defaultConfigurationName = Release;
		};
/* End XCConfigurationList section */
	};
	rootObject = B4E6DA092255F7D4005844D4 /* Project object */;
}
